// !$*UTF8*$!
{
	archiveVersion = 1;
	classes = {
	};
	objectVersion = 46;
	objects = {

/* Begin PBXBuildFile section */
		EF33913E1944CDE0000277EC /* CCTest.m in Sources */ = {isa = PBXBuildFile; fileRef = EF33913D1944CDE0000277EC /* CCTest.m */; };
		EF37F82C194381E80019BB06 /* Foundation.framework in Frameworks */ = {isa = PBXBuildFile; fileRef = EF37F82B194381E80019BB06 /* Foundation.framework */; };
		EF37F82E194381E80019BB06 /* CoreGraphics.framework in Frameworks */ = {isa = PBXBuildFile; fileRef = EF37F82D194381E80019BB06 /* CoreGraphics.framework */; };
		EF37F830194381E80019BB06 /* UIKit.framework in Frameworks */ = {isa = PBXBuildFile; fileRef = EF37F82F194381E80019BB06 /* UIKit.framework */; };
		EF37F836194381E80019BB06 /* InfoPlist.strings in Resources */ = {isa = PBXBuildFile; fileRef = EF37F834194381E80019BB06 /* InfoPlist.strings */; };
		EF37F838194381E80019BB06 /* main.m in Sources */ = {isa = PBXBuildFile; fileRef = EF37F837194381E80019BB06 /* main.m */; };
		EF37F83C194381E80019BB06 /* CCAppDelegate.m in Sources */ = {isa = PBXBuildFile; fileRef = EF37F83B194381E80019BB06 /* CCAppDelegate.m */; };
		EF37F83F194381E80019BB06 /* Main.storyboard in Resources */ = {isa = PBXBuildFile; fileRef = EF37F83D194381E80019BB06 /* Main.storyboard */; };
		EF37F842194381E80019BB06 /* CCViewController.m in Sources */ = {isa = PBXBuildFile; fileRef = EF37F841194381E80019BB06 /* CCViewController.m */; };
		EF37F844194381E80019BB06 /* Images.xcassets in Resources */ = {isa = PBXBuildFile; fileRef = EF37F843194381E80019BB06 /* Images.xcassets */; };
		EF37F84B194381E80019BB06 /* XCTest.framework in Frameworks */ = {isa = PBXBuildFile; fileRef = EF37F84A194381E80019BB06 /* XCTest.framework */; };
		EF37F84C194381E80019BB06 /* Foundation.framework in Frameworks */ = {isa = PBXBuildFile; fileRef = EF37F82B194381E80019BB06 /* Foundation.framework */; };
		EF37F84D194381E80019BB06 /* UIKit.framework in Frameworks */ = {isa = PBXBuildFile; fileRef = EF37F82F194381E80019BB06 /* UIKit.framework */; };
		EF37F855194381E80019BB06 /* InfoPlist.strings in Resources */ = {isa = PBXBuildFile; fileRef = EF37F853194381E80019BB06 /* InfoPlist.strings */; };
		EF37F857194381E80019BB06 /* Git_TestTests.m in Sources */ = {isa = PBXBuildFile; fileRef = EF37F856194381E80019BB06 /* Git_TestTests.m */; };
/* End PBXBuildFile section */

/* Begin PBXContainerItemProxy section */
		EF37F84E194381E80019BB06 /* PBXContainerItemProxy */ = {
			isa = PBXContainerItemProxy;
			containerPortal = EF37F820194381E80019BB06 /* Project object */;
			proxyType = 1;
			remoteGlobalIDString = EF37F827194381E80019BB06;
			remoteInfo = "Git Test";
		};
/* End PBXContainerItemProxy section */

/* Begin PBXFileReference section */
		EF33913C1944CDE0000277EC /* CCTest.h */ = {isa = PBXFileReference; fileEncoding = 4; lastKnownFileType = sourcecode.c.h; path = CCTest.h; sourceTree = "<group>"; };
		EF33913D1944CDE0000277EC /* CCTest.m */ = {isa = PBXFileReference; fileEncoding = 4; lastKnownFileType = sourcecode.c.objc; path = CCTest.m; sourceTree = "<group>"; };
		EF37F828194381E80019BB06 /* Git Test.app */ = {isa = PBXFileReference; explicitFileType = wrapper.application; includeInIndex = 0; path = "Git Test.app"; sourceTree = BUILT_PRODUCTS_DIR; };
		EF37F82B194381E80019BB06 /* Foundation.framework */ = {isa = PBXFileReference; lastKnownFileType = wrapper.framework; name = Foundation.framework; path = System/Library/Frameworks/Foundation.framework; sourceTree = SDKROOT; };
		EF37F82D194381E80019BB06 /* CoreGraphics.framework */ = {isa = PBXFileReference; lastKnownFileType = wrapper.framework; name = CoreGraphics.framework; path = System/Library/Frameworks/CoreGraphics.framework; sourceTree = SDKROOT; };
		EF37F82F194381E80019BB06 /* UIKit.framework */ = {isa = PBXFileReference; lastKnownFileType = wrapper.framework; name = UIKit.framework; path = System/Library/Frameworks/UIKit.framework; sourceTree = SDKROOT; };
		EF37F833194381E80019BB06 /* Git Test-Info.plist */ = {isa = PBXFileReference; lastKnownFileType = text.plist.xml; path = "Git Test-Info.plist"; sourceTree = "<group>"; };
		EF37F835194381E80019BB06 /* en */ = {isa = PBXFileReference; lastKnownFileType = text.plist.strings; name = en; path = en.lproj/InfoPlist.strings; sourceTree = "<group>"; };
		EF37F837194381E80019BB06 /* main.m */ = {isa = PBXFileReference; lastKnownFileType = sourcecode.c.objc; path = main.m; sourceTree = "<group>"; };
		EF37F839194381E80019BB06 /* Git Test-Prefix.pch */ = {isa = PBXFileReference; lastKnownFileType = sourcecode.c.h; path = "Git Test-Prefix.pch"; sourceTree = "<group>"; };
		EF37F83A194381E80019BB06 /* CCAppDelegate.h */ = {isa = PBXFileReference; lastKnownFileType = sourcecode.c.h; path = CCAppDelegate.h; sourceTree = "<group>"; };
		EF37F83B194381E80019BB06 /* CCAppDelegate.m */ = {isa = PBXFileReference; lastKnownFileType = sourcecode.c.objc; path = CCAppDelegate.m; sourceTree = "<group>"; };
		EF37F83E194381E80019BB06 /* Base */ = {isa = PBXFileReference; lastKnownFileType = file.storyboard; name = Base; path = Base.lproj/Main.storyboard; sourceTree = "<group>"; };
		EF37F840194381E80019BB06 /* CCViewController.h */ = {isa = PBXFileReference; lastKnownFileType = sourcecode.c.h; path = CCViewController.h; sourceTree = "<group>"; };
		EF37F841194381E80019BB06 /* CCViewController.m */ = {isa = PBXFileReference; lastKnownFileType = sourcecode.c.objc; path = CCViewController.m; sourceTree = "<group>"; };
		EF37F843194381E80019BB06 /* Images.xcassets */ = {isa = PBXFileReference; lastKnownFileType = folder.assetcatalog; path = Images.xcassets; sourceTree = "<group>"; };
		EF37F849194381E80019BB06 /* Git TestTests.xctest */ = {isa = PBXFileReference; explicitFileType = wrapper.cfbundle; includeInIndex = 0; path = "Git TestTests.xctest"; sourceTree = BUILT_PRODUCTS_DIR; };
		EF37F84A194381E80019BB06 /* XCTest.framework */ = {isa = PBXFileReference; lastKnownFileType = wrapper.framework; name = XCTest.framework; path = Library/Frameworks/XCTest.framework; sourceTree = DEVELOPER_DIR; };
		EF37F852194381E80019BB06 /* Git TestTests-Info.plist */ = {isa = PBXFileReference; lastKnownFileType = text.plist.xml; path = "Git TestTests-Info.plist"; sourceTree = "<group>"; };
		EF37F854194381E80019BB06 /* en */ = {isa = PBXFileReference; lastKnownFileType = text.plist.strings; name = en; path = en.lproj/InfoPlist.strings; sourceTree = "<group>"; };
		EF37F856194381E80019BB06 /* Git_TestTests.m */ = {isa = PBXFileReference; lastKnownFileType = sourcecode.c.objc; path = Git_TestTests.m; sourceTree = "<group>"; };
/* End PBXFileReference section */

/* Begin PBXFrameworksBuildPhase section */
		EF37F825194381E80019BB06 /* Frameworks */ = {
			isa = PBXFrameworksBuildPhase;
			buildActionMask = 2147483647;
			files = (
				EF37F82E194381E80019BB06 /* CoreGraphics.framework in Frameworks */,
				EF37F830194381E80019BB06 /* UIKit.framework in Frameworks */,
				EF37F82C194381E80019BB06 /* Foundation.framework in Frameworks */,
			);
			runOnlyForDeploymentPostprocessing = 0;
		};
		EF37F846194381E80019BB06 /* Frameworks */ = {
			isa = PBXFrameworksBuildPhase;
			buildActionMask = 2147483647;
			files = (
				EF37F84B194381E80019BB06 /* XCTest.framework in Frameworks */,
				EF37F84D194381E80019BB06 /* UIKit.framework in Frameworks */,
				EF37F84C194381E80019BB06 /* Foundation.framework in Frameworks */,
			);
			runOnlyForDeploymentPostprocessing = 0;
		};
/* End PBXFrameworksBuildPhase section */

/* Begin PBXGroup section */
		EF37F81F194381E80019BB06 = {
			isa = PBXGroup;
			children = (
				EF37F831194381E80019BB06 /* Git Test */,
				EF37F850194381E80019BB06 /* Git TestTests */,
				EF37F82A194381E80019BB06 /* Frameworks */,
				EF37F829194381E80019BB06 /* Products */,
			);
			sourceTree = "<group>";
		};
		EF37F829194381E80019BB06 /* Products */ = {
			isa = PBXGroup;
			children = (
				EF37F828194381E80019BB06 /* Git Test.app */,
				EF37F849194381E80019BB06 /* Git TestTests.xctest */,
			);
			name = Products;
			sourceTree = "<group>";
		};
		EF37F82A194381E80019BB06 /* Frameworks */ = {
			isa = PBXGroup;
			children = (
				EF37F82B194381E80019BB06 /* Foundation.framework */,
				EF37F82D194381E80019BB06 /* CoreGraphics.framework */,
				EF37F82F194381E80019BB06 /* UIKit.framework */,
				EF37F84A194381E80019BB06 /* XCTest.framework */,
			);
			name = Frameworks;
			sourceTree = "<group>";
		};
		EF37F831194381E80019BB06 /* Git Test */ = {
			isa = PBXGroup;
			children = (
				EF37F83A194381E80019BB06 /* CCAppDelegate.h */,
				EF37F83B194381E80019BB06 /* CCAppDelegate.m */,
				EF37F83D194381E80019BB06 /* Main.storyboard */,
				EF37F840194381E80019BB06 /* CCViewController.h */,
				EF37F841194381E80019BB06 /* CCViewController.m */,
				EF33913C1944CDE0000277EC /* CCTest.h */,
				EF33913D1944CDE0000277EC /* CCTest.m */,
				EF37F843194381E80019BB06 /* Images.xcassets */,
				EF37F832194381E80019BB06 /* Supporting Files */,
			);
			path = "Git Test";
			sourceTree = "<group>";
		};
		EF37F832194381E80019BB06 /* Supporting Files */ = {
			isa = PBXGroup;
			children = (
				EF37F833194381E80019BB06 /* Git Test-Info.plist */,
				EF37F834194381E80019BB06 /* InfoPlist.strings */,
				EF37F837194381E80019BB06 /* main.m */,
				EF37F839194381E80019BB06 /* Git Test-Prefix.pch */,
			);
			name = "Supporting Files";
			sourceTree = "<group>";
		};
		EF37F850194381E80019BB06 /* Git TestTests */ = {
			isa = PBXGroup;
			children = (
				EF37F856194381E80019BB06 /* Git_TestTests.m */,
				EF37F851194381E80019BB06 /* Supporting Files */,
			);
			path = "Git TestTests";
			sourceTree = "<group>";
		};
		EF37F851194381E80019BB06 /* Supporting Files */ = {
			isa = PBXGroup;
			children = (
				EF37F852194381E80019BB06 /* Git TestTests-Info.plist */,
				EF37F853194381E80019BB06 /* InfoPlist.strings */,
			);
			name = "Supporting Files";
			sourceTree = "<group>";
		};
/* End PBXGroup section */

/* Begin PBXNativeTarget section */
		EF37F827194381E80019BB06 /* Git Test */ = {
			isa = PBXNativeTarget;
			buildConfigurationList = EF37F85A194381E80019BB06 /* Build configuration list for PBXNativeTarget "Git Test" */;
			buildPhases = (
				EF37F824194381E80019BB06 /* Sources */,
				EF37F825194381E80019BB06 /* Frameworks */,
				EF37F826194381E80019BB06 /* Resources */,
			);
			buildRules = (
			);
			dependencies = (
			);
			name = "Git Test";
			productName = "Git Test";
			productReference = EF37F828194381E80019BB06 /* Git Test.app */;
			productType = "com.apple.product-type.application";
		};
		EF37F848194381E80019BB06 /* Git TestTests */ = {
			isa = PBXNativeTarget;
			buildConfigurationList = EF37F85D194381E80019BB06 /* Build configuration list for PBXNativeTarget "Git TestTests" */;
			buildPhases = (
				EF37F845194381E80019BB06 /* Sources */,
				EF37F846194381E80019BB06 /* Frameworks */,
				EF37F847194381E80019BB06 /* Resources */,
			);
			buildRules = (
			);
			dependencies = (
				EF37F84F194381E80019BB06 /* PBXTargetDependency */,
			);
			name = "Git TestTests";
			productName = "Git TestTests";
			productReference = EF37F849194381E80019BB06 /* Git TestTests.xctest */;
			productType = "com.apple.product-type.bundle.unit-test";
		};
/* End PBXNativeTarget section */

/* Begin PBXProject section */
		EF37F820194381E80019BB06 /* Project object */ = {
			isa = PBXProject;
			attributes = {
				CLASSPREFIX = CC;
				LastUpgradeCheck = 0500;
				TargetAttributes = {
					EF37F848194381E80019BB06 = {
						TestTargetID = EF37F827194381E80019BB06;
					};
				};
			};
			buildConfigurationList = EF37F823194381E80019BB06 /* Build configuration list for PBXProject "Git Test" */;
			compatibilityVersion = "Xcode 3.2";
			developmentRegion = English;
			hasScannedForEncodings = 0;
			knownRegions = (
				en,
				Base,
			);
			mainGroup = EF37F81F194381E80019BB06;
			productRefGroup = EF37F829194381E80019BB06 /* Products */;
			projectDirPath = "";
			projectRoot = "";
			targets = (
				EF37F827194381E80019BB06 /* Git Test */,
				EF37F848194381E80019BB06 /* Git TestTests */,
			);
		};
/* End PBXProject section */

/* Begin PBXResourcesBuildPhase section */
		EF37F826194381E80019BB06 /* Resources */ = {
			isa = PBXResourcesBuildPhase;
			buildActionMask = 2147483647;
			files = (
				EF37F844194381E80019BB06 /* Images.xcassets in Resources */,
				EF37F836194381E80019BB06 /* InfoPlist.strings in Resources */,
				EF37F83F194381E80019BB06 /* Main.storyboard in Resources */,
			);
			runOnlyForDeploymentPostprocessing = 0;
		};
		EF37F847194381E80019BB06 /* Resources */ = {
			isa = PBXResourcesBuildPhase;
			buildActionMask = 2147483647;
			files = (
				EF37F855194381E80019BB06 /* InfoPlist.strings in Resources */,
			);
			runOnlyForDeploymentPostprocessing = 0;
		};
/* End PBXResourcesBuildPhase section */

/* Begin PBXSourcesBuildPhase section */
		EF37F824194381E80019BB06 /* Sources */ = {
			isa = PBXSourcesBuildPhase;
			buildActionMask = 2147483647;
			files = (
				EF37F83C194381E80019BB06 /* CCAppDelegate.m in Sources */,
				EF33913E1944CDE0000277EC /* CCTest.m in Sources */,
				EF37F838194381E80019BB06 /* main.m in Sources */,
				EF37F842194381E80019BB06 /* CCViewController.m in Sources */,
			);
			runOnlyForDeploymentPostprocessing = 0;
		};
		EF37F845194381E80019BB06 /* Sources */ = {
			isa = PBXSourcesBuildPhase;
			buildActionMask = 2147483647;
			files = (
				EF37F857194381E80019BB06 /* Git_TestTests.m in Sources */,
			);
			runOnlyForDeploymentPostprocessing = 0;
		};
/* End PBXSourcesBuildPhase section */

/* Begin PBXTargetDependency section */
		EF37F84F194381E80019BB06 /* PBXTargetDependency */ = {
			isa = PBXTargetDependency;
			target = EF37F827194381E80019BB06 /* Git Test */;
			targetProxy = EF37F84E194381E80019BB06 /* PBXContainerItemProxy */;
		};
/* End PBXTargetDependency section */

/* Begin PBXVariantGroup section */
		EF37F834194381E80019BB06 /* InfoPlist.strings */ = {
			isa = PBXVariantGroup;
			children = (
				EF37F835194381E80019BB06 /* en */,
			);
			name = InfoPlist.strings;
			sourceTree = "<group>";
		};
		EF37F83D194381E80019BB06 /* Main.storyboard */ = {
			isa = PBXVariantGroup;
			children = (
				EF37F83E194381E80019BB06 /* Base */,
			);
			name = Main.storyboard;
			sourceTree = "<group>";
		};
		EF37F853194381E80019BB06 /* InfoPlist.strings */ = {
			isa = PBXVariantGroup;
			children = (
				EF37F854194381E80019BB06 /* en */,
			);
			name = InfoPlist.strings;
			sourceTree = "<group>";
		};
/* End PBXVariantGroup section */

/* Begin XCBuildConfiguration section */
		EF37F858194381E80019BB06 /* Debug */ = {
			isa = XCBuildConfiguration;
			buildSettings = {
				ALWAYS_SEARCH_USER_PATHS = NO;
				ARCHS = "$(ARCHS_STANDARD_INCLUDING_64_BIT)";
				CLANG_CXX_LANGUAGE_STANDARD = "gnu++0x";
				CLANG_CXX_LIBRARY = "libc++";
				CLANG_ENABLE_MODULES = YES;
				CLANG_ENABLE_OBJC_ARC = YES;
				CLANG_WARN_BOOL_CONVERSION = YES;
				CLANG_WARN_CONSTANT_CONVERSION = YES;
				CLANG_WARN_DIRECT_OBJC_ISA_USAGE = YES_ERROR;
				CLANG_WARN_EMPTY_BODY = YES;
				CLANG_WARN_ENUM_CONVERSION = YES;
				CLANG_WARN_INT_CONVERSION = YES;
				CLANG_WARN_OBJC_ROOT_CLASS = YES_ERROR;
				CLANG_WARN__DUPLICATE_METHOD_MATCH = YES;
				"CODE_SIGN_IDENTITY[sdk=iphoneos*]" = "iPhone Developer";
				COPY_PHASE_STRIP = NO;
				GCC_C_LANGUAGE_STANDARD = gnu99;
				GCC_DYNAMIC_NO_PIC = NO;
				GCC_OPTIMIZATION_LEVEL = 0;
				GCC_PREPROCESSOR_DEFINITIONS = (
					"DEBUG=1",
					"$(inherited)",
				);
				GCC_SYMBOLS_PRIVATE_EXTERN = NO;
				GCC_WARN_64_TO_32_BIT_CONVERSION = YES;
				GCC_WARN_ABOUT_RETURN_TYPE = YES_ERROR;
				GCC_WARN_UNDECLARED_SELECTOR = YES;
				GCC_WARN_UNINITIALIZED_AUTOS = YES;
				GCC_WARN_UNUSED_FUNCTION = YES;
				GCC_WARN_UNUSED_VARIABLE = YES;
				IPHONEOS_DEPLOYMENT_TARGET = 7.0;
				ONLY_ACTIVE_ARCH = YES;
				SDKROOT = iphoneos;
			};
			name = Debug;
		};
		EF37F859194381E80019BB06 /* Release */ = {
			isa = XCBuildConfiguration;
			buildSettings = {
				ALWAYS_SEARCH_USER_PATHS = NO;
				ARCHS = "$(ARCHS_STANDARD_INCLUDING_64_BIT)";
				CLANG_CXX_LANGUAGE_STANDARD = "gnu++0x";
				CLANG_CXX_LIBRARY = "libc++";
				CLANG_ENABLE_MODULES = YES;
				CLANG_ENABLE_OBJC_ARC = YES;
				CLANG_WARN_BOOL_CONVERSION = YES;
				CLANG_WARN_CONSTANT_CONVERSION = YES;
				CLANG_WARN_DIRECT_OBJC_ISA_USAGE = YES_ERROR;
				CLANG_WARN_EMPTY_BODY = YES;
				CLANG_WARN_ENUM_CONVERSION = YES;
				CLANG_WARN_INT_CONVERSION = YES;
				CLANG_WARN_OBJC_ROOT_CLASS = YES_ERROR;
				CLANG_WARN__DUPLICATE_METHOD_MATCH = YES;
				"CODE_SIGN_IDENTITY[sdk=iphoneos*]" = "iPhone Developer";
				COPY_PHASE_STRIP = YES;
				ENABLE_NS_ASSERTIONS = NO;
				GCC_C_LANGUAGE_STANDARD = gnu99;
				GCC_WARN_64_TO_32_BIT_CONVERSION = YES;
				GCC_WARN_ABOUT_RETURN_TYPE = YES_ERROR;
				GCC_WARN_UNDECLARED_SELECTOR = YES;
				GCC_WARN_UNINITIALIZED_AUTOS = YES;
				GCC_WARN_UNUSED_FUNCTION = YES;
				GCC_WARN_UNUSED_VARIABLE = YES;
				IPHONEOS_DEPLOYMENT_TARGET = 7.0;
				SDKROOT = iphoneos;
				VALIDATE_PRODUCT = YES;
			};
			name = Release;
		};
		EF37F85B194381E80019BB06 /* Debug */ = {
			isa = XCBuildConfiguration;
			buildSettings = {
				ASSETCATALOG_COMPILER_APPICON_NAME = AppIcon;
				ASSETCATALOG_COMPILER_LAUNCHIMAGE_NAME = LaunchImage;
				GCC_PRECOMPILE_PREFIX_HEADER = YES;
				GCC_PREFIX_HEADER = "Git Test/Git Test-Prefix.pch";
				INFOPLIST_FILE = "Git Test/Git Test-Info.plist";
				PRODUCT_NAME = "$(TARGET_NAME)";
				WRAPPER_EXTENSION = app;
			};
			name = Debug;
		};
		EF37F85C194381E80019BB06 /* Release */ = {
			isa = XCBuildConfiguration;
			buildSettings = {
				ASSETCATALOG_COMPILER_APPICON_NAME = AppIcon;
				ASSETCATALOG_COMPILER_LAUNCHIMAGE_NAME = LaunchImage;
				GCC_PRECOMPILE_PREFIX_HEADER = YES;
				GCC_PREFIX_HEADER = "Git Test/Git Test-Prefix.pch";
				INFOPLIST_FILE = "Git Test/Git Test-Info.plist";
				PRODUCT_NAME = "$(TARGET_NAME)";
				WRAPPER_EXTENSION = app;
			};
			name = Release;
		};
		EF37F85E194381E80019BB06 /* Debug */ = {
			isa = XCBuildConfiguration;
			buildSettings = {
				ARCHS = "$(ARCHS_STANDARD_INCLUDING_64_BIT)";
				BUNDLE_LOADER = "$(BUILT_PRODUCTS_DIR)/Git Test.app/Git Test";
				FRAMEWORK_SEARCH_PATHS = (
					"$(SDKROOT)/Developer/Library/Frameworks",
					"$(inherited)",
					"$(DEVELOPER_FRAMEWORKS_DIR)",
				);
				GCC_PRECOMPILE_PREFIX_HEADER = YES;
				GCC_PREFIX_HEADER = "Git Test/Git Test-Prefix.pch";
				GCC_PREPROCESSOR_DEFINITIONS = (
					"DEBUG=1",
					"$(inherited)",
				);
				INFOPLIST_FILE = "Git TestTests/Git TestTests-Info.plist";
				PRODUCT_NAME = "$(TARGET_NAME)";
				TEST_HOST = "$(BUNDLE_LOADER)";
				WRAPPER_EXTENSION = xctest;
			};
			name = Debug;
		};
		EF37F85F194381E80019BB06 /* Release */ = {
			isa = XCBuildConfiguration;
			buildSettings = {
				ARCHS = "$(ARCHS_STANDARD_INCLUDING_64_BIT)";
				BUNDLE_LOADER = "$(BUILT_PRODUCTS_DIR)/Git Test.app/Git Test";
				FRAMEWORK_SEARCH_PATHS = (
					"$(SDKROOT)/Developer/Library/Frameworks",
					"$(inherited)",
					"$(DEVELOPER_FRAMEWORKS_DIR)",
				);
				GCC_PRECOMPILE_PREFIX_HEADER = YES;
				GCC_PREFIX_HEADER = "Git Test/Git Test-Prefix.pch";
				INFOPLIST_FILE = "Git TestTests/Git TestTests-Info.plist";
				PRODUCT_NAME = "$(TARGET_NAME)";
				TEST_HOST = "$(BUNDLE_LOADER)";
				WRAPPER_EXTENSION = xctest;
			};
			name = Release;
		};
/* End XCBuildConfiguration section */

/* Begin XCConfigurationList section */
		EF37F823194381E80019BB06 /* Build configuration list for PBXProject "Git Test" */ = {
			isa = XCConfigurationList;
			buildConfigurations = (
				EF37F858194381E80019BB06 /* Debug */,
				EF37F859194381E80019BB06 /* Release */,
			);
			defaultConfigurationIsVisible = 0;
			defaultConfigurationName = Release;
		};
		EF37F85A194381E80019BB06 /* Build configuration list for PBXNativeTarget "Git Test" */ = {
			isa = XCConfigurationList;
			buildConfigurations = (
				EF37F85B194381E80019BB06 /* Debug */,
				EF37F85C194381E80019BB06 /* Release */,
			);
			defaultConfigurationIsVisible = 0;
			defaultConfigurationName = Release;
		};
		EF37F85D194381E80019BB06 /* Build configuration list for PBXNativeTarget "Git TestTests" */ = {
			isa = XCConfigurationList;
			buildConfigurations = (
				EF37F85E194381E80019BB06 /* Debug */,
				EF37F85F194381E80019BB06 /* Release */,
			);
			defaultConfigurationIsVisible = 0;
			defaultConfigurationName = Release;
		};
/* End XCConfigurationList section */
	};
	rootObject = EF37F820194381E80019BB06 /* Project object */;
}
